// !$*UTF8*$!
{
	archiveVersion = 1;
	classes = {
	};
	objectVersion = 48;
	objects = {

/* Begin PBXBuildFile section */
		2A7F532CE781761D046380F4 /* Pods_MFLToxicMessages.framework in Frameworks */ = {isa = PBXBuildFile; fileRef = 44328EF2DA3BF9C027EAEAFF /* Pods_MFLToxicMessages.framework */; };
		728EE20B70F06A0663FFE5F2 /* Pods_MFLToxicMessagesTests.framework in Frameworks */ = {isa = PBXBuildFile; fileRef = FBC7D770B5E7CE7DB75B960F /* Pods_MFLToxicMessagesTests.framework */; };
		FAD32C06207F5EC90010A8BE /* AppDelegate.swift in Sources */ = {isa = PBXBuildFile; fileRef = FAD32C05207F5EC90010A8BE /* AppDelegate.swift */; };
		FAD32C08207F5EC90010A8BE /* ViewController.swift in Sources */ = {isa = PBXBuildFile; fileRef = FAD32C07207F5EC90010A8BE /* ViewController.swift */; };
		FAD32C0B207F5EC90010A8BE /* Main.storyboard in Resources */ = {isa = PBXBuildFile; fileRef = FAD32C09207F5EC90010A8BE /* Main.storyboard */; };
		FAD32C0D207F5EC90010A8BE /* Assets.xcassets in Resources */ = {isa = PBXBuildFile; fileRef = FAD32C0C207F5EC90010A8BE /* Assets.xcassets */; };
		FAD32C10207F5EC90010A8BE /* LaunchScreen.storyboard in Resources */ = {isa = PBXBuildFile; fileRef = FAD32C0E207F5EC90010A8BE /* LaunchScreen.storyboard */; };
		FAD32C1B207F5EC90010A8BE /* MFLToxicMessagesTests.swift in Sources */ = {isa = PBXBuildFile; fileRef = FAD32C1A207F5EC90010A8BE /* MFLToxicMessagesTests.swift */; };
/* End PBXBuildFile section */

/* Begin PBXContainerItemProxy section */
		FAD32C17207F5EC90010A8BE /* PBXContainerItemProxy */ = {
			isa = PBXContainerItemProxy;
			containerPortal = FAD32BFA207F5EC90010A8BE /* Project object */;
			proxyType = 1;
			remoteGlobalIDString = FAD32C01207F5EC90010A8BE;
			remoteInfo = MFLToxicMessages;
		};
/* End PBXContainerItemProxy section */

/* Begin PBXFileReference section */
		1669808EE794DF474AD096CC /* Pods-MFLToxicMessagesTests.debug.xcconfig */ = {isa = PBXFileReference; includeInIndex = 1; lastKnownFileType = text.xcconfig; name = "Pods-MFLToxicMessagesTests.debug.xcconfig"; path = "Pods/Target Support Files/Pods-MFLToxicMessagesTests/Pods-MFLToxicMessagesTests.debug.xcconfig"; sourceTree = "<group>"; };
		34DA3E9D50C04FD73F5173A1 /* Pods-MFLToxicMessages.debug.xcconfig */ = {isa = PBXFileReference; includeInIndex = 1; lastKnownFileType = text.xcconfig; name = "Pods-MFLToxicMessages.debug.xcconfig"; path = "Pods/Target Support Files/Pods-MFLToxicMessages/Pods-MFLToxicMessages.debug.xcconfig"; sourceTree = "<group>"; };
		44328EF2DA3BF9C027EAEAFF /* Pods_MFLToxicMessages.framework */ = {isa = PBXFileReference; explicitFileType = wrapper.framework; includeInIndex = 0; path = Pods_MFLToxicMessages.framework; sourceTree = BUILT_PRODUCTS_DIR; };
		937B5FBF8B96A61B40BBF976 /* Pods-MFLToxicMessagesTests.release.xcconfig */ = {isa = PBXFileReference; includeInIndex = 1; lastKnownFileType = text.xcconfig; name = "Pods-MFLToxicMessagesTests.release.xcconfig"; path = "Pods/Target Support Files/Pods-MFLToxicMessagesTests/Pods-MFLToxicMessagesTests.release.xcconfig"; sourceTree = "<group>"; };
		C3EC71E746AAEDC5FCDDCC3A /* Pods-MFLToxicMessages.release.xcconfig */ = {isa = PBXFileReference; includeInIndex = 1; lastKnownFileType = text.xcconfig; name = "Pods-MFLToxicMessages.release.xcconfig"; path = "Pods/Target Support Files/Pods-MFLToxicMessages/Pods-MFLToxicMessages.release.xcconfig"; sourceTree = "<group>"; };
		FAD32C02207F5EC90010A8BE /* MFLToxicMessages.app */ = {isa = PBXFileReference; explicitFileType = wrapper.application; includeInIndex = 0; path = MFLToxicMessages.app; sourceTree = BUILT_PRODUCTS_DIR; };
		FAD32C05207F5EC90010A8BE /* AppDelegate.swift */ = {isa = PBXFileReference; lastKnownFileType = sourcecode.swift; path = AppDelegate.swift; sourceTree = "<group>"; };
		FAD32C07207F5EC90010A8BE /* ViewController.swift */ = {isa = PBXFileReference; lastKnownFileType = sourcecode.swift; path = ViewController.swift; sourceTree = "<group>"; };
		FAD32C0A207F5EC90010A8BE /* Base */ = {isa = PBXFileReference; lastKnownFileType = file.storyboard; name = Base; path = Base.lproj/Main.storyboard; sourceTree = "<group>"; };
		FAD32C0C207F5EC90010A8BE /* Assets.xcassets */ = {isa = PBXFileReference; lastKnownFileType = folder.assetcatalog; path = Assets.xcassets; sourceTree = "<group>"; };
		FAD32C0F207F5EC90010A8BE /* Base */ = {isa = PBXFileReference; lastKnownFileType = file.storyboard; name = Base; path = Base.lproj/LaunchScreen.storyboard; sourceTree = "<group>"; };
		FAD32C11207F5EC90010A8BE /* Info.plist */ = {isa = PBXFileReference; lastKnownFileType = text.plist.xml; path = Info.plist; sourceTree = "<group>"; };
		FAD32C16207F5EC90010A8BE /* MFLToxicMessagesTests.xctest */ = {isa = PBXFileReference; explicitFileType = wrapper.cfbundle; includeInIndex = 0; path = MFLToxicMessagesTests.xctest; sourceTree = BUILT_PRODUCTS_DIR; };
		FAD32C1A207F5EC90010A8BE /* MFLToxicMessagesTests.swift */ = {isa = PBXFileReference; lastKnownFileType = sourcecode.swift; path = MFLToxicMessagesTests.swift; sourceTree = "<group>"; };
		FAD32C1C207F5EC90010A8BE /* Info.plist */ = {isa = PBXFileReference; lastKnownFileType = text.plist.xml; path = Info.plist; sourceTree = "<group>"; };
		FBC7D770B5E7CE7DB75B960F /* Pods_MFLToxicMessagesTests.framework */ = {isa = PBXFileReference; explicitFileType = wrapper.framework; includeInIndex = 0; path = Pods_MFLToxicMessagesTests.framework; sourceTree = BUILT_PRODUCTS_DIR; };
/* End PBXFileReference section */

/* Begin PBXFrameworksBuildPhase section */
		FAD32BFF207F5EC90010A8BE /* Frameworks */ = {
			isa = PBXFrameworksBuildPhase;
			buildActionMask = 2147483647;
			files = (
				2A7F532CE781761D046380F4 /* Pods_MFLToxicMessages.framework in Frameworks */,
			);
			runOnlyForDeploymentPostprocessing = 0;
		};
		FAD32C13207F5EC90010A8BE /* Frameworks */ = {
			isa = PBXFrameworksBuildPhase;
			buildActionMask = 2147483647;
			files = (
				728EE20B70F06A0663FFE5F2 /* Pods_MFLToxicMessagesTests.framework in Frameworks */,
			);
			runOnlyForDeploymentPostprocessing = 0;
		};
/* End PBXFrameworksBuildPhase section */

/* Begin PBXGroup section */
		551873363A2C854E3FBB6B3E /* Frameworks */ = {
			isa = PBXGroup;
			children = (
				44328EF2DA3BF9C027EAEAFF /* Pods_MFLToxicMessages.framework */,
				FBC7D770B5E7CE7DB75B960F /* Pods_MFLToxicMessagesTests.framework */,
			);
			name = Frameworks;
			sourceTree = "<group>";
		};
		A304A004896BB87C11D4CBF0 /* Pods */ = {
			isa = PBXGroup;
			children = (
				34DA3E9D50C04FD73F5173A1 /* Pods-MFLToxicMessages.debug.xcconfig */,
				C3EC71E746AAEDC5FCDDCC3A /* Pods-MFLToxicMessages.release.xcconfig */,
				1669808EE794DF474AD096CC /* Pods-MFLToxicMessagesTests.debug.xcconfig */,
				937B5FBF8B96A61B40BBF976 /* Pods-MFLToxicMessagesTests.release.xcconfig */,
			);
			name = Pods;
			sourceTree = "<group>";
		};
		FAD32BF9207F5EC90010A8BE = {
			isa = PBXGroup;
			children = (
				FAD32C04207F5EC90010A8BE /* MFLToxicMessages */,
				FAD32C19207F5EC90010A8BE /* MFLToxicMessagesTests */,
				FAD32C03207F5EC90010A8BE /* Products */,
				A304A004896BB87C11D4CBF0 /* Pods */,
				551873363A2C854E3FBB6B3E /* Frameworks */,
			);
			sourceTree = "<group>";
		};
		FAD32C03207F5EC90010A8BE /* Products */ = {
			isa = PBXGroup;
			children = (
				FAD32C02207F5EC90010A8BE /* MFLToxicMessages.app */,
				FAD32C16207F5EC90010A8BE /* MFLToxicMessagesTests.xctest */,
			);
			name = Products;
			sourceTree = "<group>";
		};
		FAD32C04207F5EC90010A8BE /* MFLToxicMessages */ = {
			isa = PBXGroup;
			children = (
				FAD32C05207F5EC90010A8BE /* AppDelegate.swift */,
				FAD32C07207F5EC90010A8BE /* ViewController.swift */,
				FAD32C09207F5EC90010A8BE /* Main.storyboard */,
				FAD32C0C207F5EC90010A8BE /* Assets.xcassets */,
				FAD32C0E207F5EC90010A8BE /* LaunchScreen.storyboard */,
				FAD32C11207F5EC90010A8BE /* Info.plist */,
			);
			path = MFLToxicMessages;
			sourceTree = "<group>";
		};
		FAD32C19207F5EC90010A8BE /* MFLToxicMessagesTests */ = {
			isa = PBXGroup;
			children = (
				FAD32C1A207F5EC90010A8BE /* MFLToxicMessagesTests.swift */,
				FAD32C1C207F5EC90010A8BE /* Info.plist */,
			);
			path = MFLToxicMessagesTests;
			sourceTree = "<group>";
		};
/* End PBXGroup section */

/* Begin PBXNativeTarget section */
		FAD32C01207F5EC90010A8BE /* MFLToxicMessages */ = {
			isa = PBXNativeTarget;
			buildConfigurationList = FAD32C1F207F5EC90010A8BE /* Build configuration list for PBXNativeTarget "MFLToxicMessages" */;
			buildPhases = (
				81E99DBC70E072877170CBAD /* [CP] Check Pods Manifest.lock */,
				FAD32BFE207F5EC90010A8BE /* Sources */,
				FAD32BFF207F5EC90010A8BE /* Frameworks */,
				FAD32C00207F5EC90010A8BE /* Resources */,
				8AB09B7A8B45B07242155CA2 /* [CP] Embed Pods Frameworks */,
				138CEF5D25A0A7B71677B546 /* [CP] Copy Pods Resources */,
			);
			buildRules = (
			);
			dependencies = (
			);
			name = MFLToxicMessages;
			productName = MFLToxicMessages;
			productReference = FAD32C02207F5EC90010A8BE /* MFLToxicMessages.app */;
			productType = "com.apple.product-type.application";
		};
		FAD32C15207F5EC90010A8BE /* MFLToxicMessagesTests */ = {
			isa = PBXNativeTarget;
			buildConfigurationList = FAD32C22207F5EC90010A8BE /* Build configuration list for PBXNativeTarget "MFLToxicMessagesTests" */;
			buildPhases = (
				9409C53309D59106D298C927 /* [CP] Check Pods Manifest.lock */,
				FAD32C12207F5EC90010A8BE /* Sources */,
				FAD32C13207F5EC90010A8BE /* Frameworks */,
				FAD32C14207F5EC90010A8BE /* Resources */,
				6F37F39E6123A43AE598C28A /* [CP] Embed Pods Frameworks */,
				9F7B7731AACA0D0A677A46E5 /* [CP] Copy Pods Resources */,
			);
			buildRules = (
			);
			dependencies = (
				FAD32C18207F5EC90010A8BE /* PBXTargetDependency */,
			);
			name = MFLToxicMessagesTests;
			productName = MFLToxicMessagesTests;
			productReference = FAD32C16207F5EC90010A8BE /* MFLToxicMessagesTests.xctest */;
			productType = "com.apple.product-type.bundle.unit-test";
		};
/* End PBXNativeTarget section */

/* Begin PBXProject section */
		FAD32BFA207F5EC90010A8BE /* Project object */ = {
			isa = PBXProject;
			attributes = {
				LastSwiftUpdateCheck = 0920;
				LastUpgradeCheck = 0920;
				ORGANIZATIONNAME = "Minds For Life";
				TargetAttributes = {
					FAD32C01207F5EC90010A8BE = {
						CreatedOnToolsVersion = 9.2;
						ProvisioningStyle = Automatic;
					};
					FAD32C15207F5EC90010A8BE = {
						CreatedOnToolsVersion = 9.2;
						ProvisioningStyle = Automatic;
						TestTargetID = FAD32C01207F5EC90010A8BE;
					};
				};
			};
			buildConfigurationList = FAD32BFD207F5EC90010A8BE /* Build configuration list for PBXProject "MFLToxicMessages" */;
			compatibilityVersion = "Xcode 8.0";
			developmentRegion = en;
			hasScannedForEncodings = 0;
			knownRegions = (
				en,
				Base,
			);
			mainGroup = FAD32BF9207F5EC90010A8BE;
			productRefGroup = FAD32C03207F5EC90010A8BE /* Products */;
			projectDirPath = "";
			projectRoot = "";
			targets = (
				FAD32C01207F5EC90010A8BE /* MFLToxicMessages */,
				FAD32C15207F5EC90010A8BE /* MFLToxicMessagesTests */,
			);
		};
/* End PBXProject section */

/* Begin PBXResourcesBuildPhase section */
		FAD32C00207F5EC90010A8BE /* Resources */ = {
			isa = PBXResourcesBuildPhase;
			buildActionMask = 2147483647;
			files = (
				FAD32C10207F5EC90010A8BE /* LaunchScreen.storyboard in Resources */,
				FAD32C0D207F5EC90010A8BE /* Assets.xcassets in Resources */,
				FAD32C0B207F5EC90010A8BE /* Main.storyboard in Resources */,
			);
			runOnlyForDeploymentPostprocessing = 0;
		};
		FAD32C14207F5EC90010A8BE /* Resources */ = {
			isa = PBXResourcesBuildPhase;
			buildActionMask = 2147483647;
			files = (
			);
			runOnlyForDeploymentPostprocessing = 0;
		};
/* End PBXResourcesBuildPhase section */

/* Begin PBXShellScriptBuildPhase section */
		138CEF5D25A0A7B71677B546 /* [CP] Copy Pods Resources */ = {
			isa = PBXShellScriptBuildPhase;
			buildActionMask = 2147483647;
			files = (
			);
			inputPaths = (
			);
			name = "[CP] Copy Pods Resources";
			outputPaths = (
			);
			runOnlyForDeploymentPostprocessing = 0;
			shellPath = /bin/sh;
			shellScript = "\"${SRCROOT}/Pods/Target Support Files/Pods-MFLToxicMessages/Pods-MFLToxicMessages-resources.sh\"\n";
			showEnvVarsInLog = 0;
		};
		6F37F39E6123A43AE598C28A /* [CP] Embed Pods Frameworks */ = {
			isa = PBXShellScriptBuildPhase;
			buildActionMask = 2147483647;
			files = (
			);
			inputPaths = (
			);
			name = "[CP] Embed Pods Frameworks";
			outputPaths = (
			);
			runOnlyForDeploymentPostprocessing = 0;
			shellPath = /bin/sh;
			shellScript = "\"${SRCROOT}/Pods/Target Support Files/Pods-MFLToxicMessagesTests/Pods-MFLToxicMessagesTests-frameworks.sh\"\n";
			showEnvVarsInLog = 0;
		};
		81E99DBC70E072877170CBAD /* [CP] Check Pods Manifest.lock */ = {
			isa = PBXShellScriptBuildPhase;
			buildActionMask = 2147483647;
			files = (
			);
			inputPaths = (
				"${PODS_PODFILE_DIR_PATH}/Podfile.lock",
				"${PODS_ROOT}/Manifest.lock",
			);
			name = "[CP] Check Pods Manifest.lock";
			outputPaths = (
				"$(DERIVED_FILE_DIR)/Pods-MFLToxicMessages-checkManifestLockResult.txt",
			);
			runOnlyForDeploymentPostprocessing = 0;
			shellPath = /bin/sh;
			shellScript = "diff \"${PODS_PODFILE_DIR_PATH}/Podfile.lock\" \"${PODS_ROOT}/Manifest.lock\" > /dev/null\nif [ $? != 0 ] ; then\n    # print error to STDERR\n    echo \"error: The sandbox is not in sync with the Podfile.lock. Run 'pod install' or update your CocoaPods installation.\" >&2\n    exit 1\nfi\n# This output is used by Xcode 'outputs' to avoid re-running this script phase.\necho \"SUCCESS\" > \"${SCRIPT_OUTPUT_FILE_0}\"\n";
			showEnvVarsInLog = 0;
		};
		8AB09B7A8B45B07242155CA2 /* [CP] Embed Pods Frameworks */ = {
			isa = PBXShellScriptBuildPhase;
			buildActionMask = 2147483647;
			files = (
			);
			inputPaths = (
				"${SRCROOT}/Pods/Target Support Files/Pods-MFLToxicMessages/Pods-MFLToxicMessages-frameworks.sh",
				"${BUILT_PRODUCTS_DIR}/Alamofire/Alamofire.framework",
				"${BUILT_PRODUCTS_DIR}/AlamofireImage/AlamofireImage.framework",
				"${BUILT_PRODUCTS_DIR}/BABFrameObservingInputAccessoryView/BABFrameObservingInputAccessoryView.framework",
				"${BUILT_PRODUCTS_DIR}/DKImagePickerController/DKImagePickerController.framework",
				"${BUILT_PRODUCTS_DIR}/FW_JSQMessagesViewController/FW_JSQMessagesViewController.framework",
				"${BUILT_PRODUCTS_DIR}/MBProgressHUD/MBProgressHUD.framework",
				"${BUILT_PRODUCTS_DIR}/MFL-Common/MFL_Common.framework",
				"${BUILT_PRODUCTS_DIR}/MFLToxicMessages/MFLToxicMessages.framework",
				"${BUILT_PRODUCTS_DIR}/PKHUD/PKHUD.framework",
				"${BUILT_PRODUCTS_DIR}/PiwikTracker/PiwikTracker.framework",
				"${BUILT_PRODUCTS_DIR}/ReachabilitySwift/ReachabilitySwift.framework",
				"${BUILT_PRODUCTS_DIR}/Socket.IO-Client-Swift/SocketIO.framework",
				"${BUILT_PRODUCTS_DIR}/StatefulViewController/StatefulViewController.framework",
				"${BUILT_PRODUCTS_DIR}/Stripe/Stripe.framework",
				"${BUILT_PRODUCTS_DIR}/SwiftKeychainWrapper/SwiftKeychainWrapper.framework",
				"${BUILT_PRODUCTS_DIR}/SwiftyJSON/SwiftyJSON.framework",
				"${BUILT_PRODUCTS_DIR}/TSMarkdownParser/TSMarkdownParser.framework",
				"${BUILT_PRODUCTS_DIR}/UnderKeyboard/UnderKeyboard.framework",
				"${BUILT_PRODUCTS_DIR}/lottie-ios/Lottie.framework",
			);
			name = "[CP] Embed Pods Frameworks";
			outputPaths = (
				"${TARGET_BUILD_DIR}/${FRAMEWORKS_FOLDER_PATH}/Alamofire.framework",
				"${TARGET_BUILD_DIR}/${FRAMEWORKS_FOLDER_PATH}/AlamofireImage.framework",
				"${TARGET_BUILD_DIR}/${FRAMEWORKS_FOLDER_PATH}/BABFrameObservingInputAccessoryView.framework",
				"${TARGET_BUILD_DIR}/${FRAMEWORKS_FOLDER_PATH}/DKImagePickerController.framework",
				"${TARGET_BUILD_DIR}/${FRAMEWORKS_FOLDER_PATH}/FW_JSQMessagesViewController.framework",
				"${TARGET_BUILD_DIR}/${FRAMEWORKS_FOLDER_PATH}/MBProgressHUD.framework",
				"${TARGET_BUILD_DIR}/${FRAMEWORKS_FOLDER_PATH}/MFL_Common.framework",
				"${TARGET_BUILD_DIR}/${FRAMEWORKS_FOLDER_PATH}/MFLToxicMessages.framework",
				"${TARGET_BUILD_DIR}/${FRAMEWORKS_FOLDER_PATH}/PKHUD.framework",
				"${TARGET_BUILD_DIR}/${FRAMEWORKS_FOLDER_PATH}/PiwikTracker.framework",
				"${TARGET_BUILD_DIR}/${FRAMEWORKS_FOLDER_PATH}/ReachabilitySwift.framework",
				"${TARGET_BUILD_DIR}/${FRAMEWORKS_FOLDER_PATH}/SocketIO.framework",
				"${TARGET_BUILD_DIR}/${FRAMEWORKS_FOLDER_PATH}/StatefulViewController.framework",
				"${TARGET_BUILD_DIR}/${FRAMEWORKS_FOLDER_PATH}/Stripe.framework",
				"${TARGET_BUILD_DIR}/${FRAMEWORKS_FOLDER_PATH}/SwiftKeychainWrapper.framework",
				"${TARGET_BUILD_DIR}/${FRAMEWORKS_FOLDER_PATH}/SwiftyJSON.framework",
				"${TARGET_BUILD_DIR}/${FRAMEWORKS_FOLDER_PATH}/TSMarkdownParser.framework",
				"${TARGET_BUILD_DIR}/${FRAMEWORKS_FOLDER_PATH}/UnderKeyboard.framework",
				"${TARGET_BUILD_DIR}/${FRAMEWORKS_FOLDER_PATH}/Lottie.framework",
			);
			runOnlyForDeploymentPostprocessing = 0;
			shellPath = /bin/sh;
			shellScript = "\"${SRCROOT}/Pods/Target Support Files/Pods-MFLToxicMessages/Pods-MFLToxicMessages-frameworks.sh\"\n";
			showEnvVarsInLog = 0;
		};
		9409C53309D59106D298C927 /* [CP] Check Pods Manifest.lock */ = {
			isa = PBXShellScriptBuildPhase;
			buildActionMask = 2147483647;
			files = (
			);
			inputPaths = (
				"${PODS_PODFILE_DIR_PATH}/Podfile.lock",
				"${PODS_ROOT}/Manifest.lock",
			);
			name = "[CP] Check Pods Manifest.lock";
			outputPaths = (
				"$(DERIVED_FILE_DIR)/Pods-MFLToxicMessagesTests-checkManifestLockResult.txt",
			);
			runOnlyForDeploymentPostprocessing = 0;
			shellPath = /bin/sh;
			shellScript = "diff \"${PODS_PODFILE_DIR_PATH}/Podfile.lock\" \"${PODS_ROOT}/Manifest.lock\" > /dev/null\nif [ $? != 0 ] ; then\n    # print error to STDERR\n    echo \"error: The sandbox is not in sync with the Podfile.lock. Run 'pod install' or update your CocoaPods installation.\" >&2\n    exit 1\nfi\n# This output is used by Xcode 'outputs' to avoid re-running this script phase.\necho \"SUCCESS\" > \"${SCRIPT_OUTPUT_FILE_0}\"\n";
			showEnvVarsInLog = 0;
		};
		9F7B7731AACA0D0A677A46E5 /* [CP] Copy Pods Resources */ = {
			isa = PBXShellScriptBuildPhase;
			buildActionMask = 2147483647;
			files = (
			);
			inputPaths = (
			);
			name = "[CP] Copy Pods Resources";
			outputPaths = (
			);
			runOnlyForDeploymentPostprocessing = 0;
			shellPath = /bin/sh;
			shellScript = "\"${SRCROOT}/Pods/Target Support Files/Pods-MFLToxicMessagesTests/Pods-MFLToxicMessagesTests-resources.sh\"\n";
			showEnvVarsInLog = 0;
		};
/* End PBXShellScriptBuildPhase section */

/* Begin PBXSourcesBuildPhase section */
		FAD32BFE207F5EC90010A8BE /* Sources */ = {
			isa = PBXSourcesBuildPhase;
			buildActionMask = 2147483647;
			files = (
				FAD32C08207F5EC90010A8BE /* ViewController.swift in Sources */,
				FAD32C06207F5EC90010A8BE /* AppDelegate.swift in Sources */,
			);
			runOnlyForDeploymentPostprocessing = 0;
		};
		FAD32C12207F5EC90010A8BE /* Sources */ = {
			isa = PBXSourcesBuildPhase;
			buildActionMask = 2147483647;
			files = (
				FAD32C1B207F5EC90010A8BE /* MFLToxicMessagesTests.swift in Sources */,
			);
			runOnlyForDeploymentPostprocessing = 0;
		};
/* End PBXSourcesBuildPhase section */

/* Begin PBXTargetDependency section */
		FAD32C18207F5EC90010A8BE /* PBXTargetDependency */ = {
			isa = PBXTargetDependency;
			target = FAD32C01207F5EC90010A8BE /* MFLToxicMessages */;
			targetProxy = FAD32C17207F5EC90010A8BE /* PBXContainerItemProxy */;
		};
/* End PBXTargetDependency section */

/* Begin PBXVariantGroup section */
		FAD32C09207F5EC90010A8BE /* Main.storyboard */ = {
			isa = PBXVariantGroup;
			children = (
				FAD32C0A207F5EC90010A8BE /* Base */,
			);
			name = Main.storyboard;
			sourceTree = "<group>";
		};
		FAD32C0E207F5EC90010A8BE /* LaunchScreen.storyboard */ = {
			isa = PBXVariantGroup;
			children = (
				FAD32C0F207F5EC90010A8BE /* Base */,
			);
			name = LaunchScreen.storyboard;
			sourceTree = "<group>";
		};
/* End PBXVariantGroup section */

/* Begin XCBuildConfiguration section */
		FAD32C1D207F5EC90010A8BE /* Debug */ = {
			isa = XCBuildConfiguration;
			buildSettings = {
				ALWAYS_SEARCH_USER_PATHS = NO;
				CLANG_ANALYZER_NONNULL = YES;
				CLANG_ANALYZER_NUMBER_OBJECT_CONVERSION = YES_AGGRESSIVE;
				CLANG_CXX_LANGUAGE_STANDARD = "gnu++14";
				CLANG_CXX_LIBRARY = "libc++";
				CLANG_ENABLE_MODULES = YES;
				CLANG_ENABLE_OBJC_ARC = YES;
				CLANG_WARN_BLOCK_CAPTURE_AUTORELEASING = YES;
				CLANG_WARN_BOOL_CONVERSION = YES;
				CLANG_WARN_COMMA = YES;
				CLANG_WARN_CONSTANT_CONVERSION = YES;
				CLANG_WARN_DIRECT_OBJC_ISA_USAGE = YES_ERROR;
				CLANG_WARN_DOCUMENTATION_COMMENTS = YES;
				CLANG_WARN_EMPTY_BODY = YES;
				CLANG_WARN_ENUM_CONVERSION = YES;
				CLANG_WARN_INFINITE_RECURSION = YES;
				CLANG_WARN_INT_CONVERSION = YES;
				CLANG_WARN_NON_LITERAL_NULL_CONVERSION = YES;
				CLANG_WARN_OBJC_LITERAL_CONVERSION = YES;
				CLANG_WARN_OBJC_ROOT_CLASS = YES_ERROR;
				CLANG_WARN_RANGE_LOOP_ANALYSIS = YES;
				CLANG_WARN_STRICT_PROTOTYPES = YES;
				CLANG_WARN_SUSPICIOUS_MOVE = YES;
				CLANG_WARN_UNGUARDED_AVAILABILITY = YES_AGGRESSIVE;
				CLANG_WARN_UNREACHABLE_CODE = YES;
				CLANG_WARN__DUPLICATE_METHOD_MATCH = YES;
				CODE_SIGN_IDENTITY = "iPhone Developer";
				COPY_PHASE_STRIP = NO;
				DEBUG_INFORMATION_FORMAT = dwarf;
				ENABLE_STRICT_OBJC_MSGSEND = YES;
				ENABLE_TESTABILITY = YES;
				GCC_C_LANGUAGE_STANDARD = gnu11;
				GCC_DYNAMIC_NO_PIC = NO;
				GCC_NO_COMMON_BLOCKS = YES;
				GCC_OPTIMIZATION_LEVEL = 0;
				GCC_PREPROCESSOR_DEFINITIONS = (
					"DEBUG=1",
					"$(inherited)",
				);
				GCC_WARN_64_TO_32_BIT_CONVERSION = YES;
				GCC_WARN_ABOUT_RETURN_TYPE = YES_ERROR;
				GCC_WARN_UNDECLARED_SELECTOR = YES;
				GCC_WARN_UNINITIALIZED_AUTOS = YES_AGGRESSIVE;
				GCC_WARN_UNUSED_FUNCTION = YES;
				GCC_WARN_UNUSED_VARIABLE = YES;
				IPHONEOS_DEPLOYMENT_TARGET = 11.2;
				MTL_ENABLE_DEBUG_INFO = YES;
				ONLY_ACTIVE_ARCH = YES;
				SDKROOT = iphoneos;
				SWIFT_ACTIVE_COMPILATION_CONDITIONS = DEBUG;
				SWIFT_OPTIMIZATION_LEVEL = "-Onone";
			};
			name = Debug;
		};
		FAD32C1E207F5EC90010A8BE /* Release */ = {
			isa = XCBuildConfiguration;
			buildSettings = {
				ALWAYS_SEARCH_USER_PATHS = NO;
				CLANG_ANALYZER_NONNULL = YES;
				CLANG_ANALYZER_NUMBER_OBJECT_CONVERSION = YES_AGGRESSIVE;
				CLANG_CXX_LANGUAGE_STANDARD = "gnu++14";
				CLANG_CXX_LIBRARY = "libc++";
				CLANG_ENABLE_MODULES = YES;
				CLANG_ENABLE_OBJC_ARC = YES;
				CLANG_WARN_BLOCK_CAPTURE_AUTORELEASING = YES;
				CLANG_WARN_BOOL_CONVERSION = YES;
				CLANG_WARN_COMMA = YES;
				CLANG_WARN_CONSTANT_CONVERSION = YES;
				CLANG_WARN_DIRECT_OBJC_ISA_USAGE = YES_ERROR;
				CLANG_WARN_DOCUMENTATION_COMMENTS = YES;
				CLANG_WARN_EMPTY_BODY = YES;
				CLANG_WARN_ENUM_CONVERSION = YES;
				CLANG_WARN_INFINITE_RECURSION = YES;
				CLANG_WARN_INT_CONVERSION = YES;
				CLANG_WARN_NON_LITERAL_NULL_CONVERSION = YES;
				CLANG_WARN_OBJC_LITERAL_CONVERSION = YES;
				CLANG_WARN_OBJC_ROOT_CLASS = YES_ERROR;
				CLANG_WARN_RANGE_LOOP_ANALYSIS = YES;
				CLANG_WARN_STRICT_PROTOTYPES = YES;
				CLANG_WARN_SUSPICIOUS_MOVE = YES;
				CLANG_WARN_UNGUARDED_AVAILABILITY = YES_AGGRESSIVE;
				CLANG_WARN_UNREACHABLE_CODE = YES;
				CLANG_WARN__DUPLICATE_METHOD_MATCH = YES;
				CODE_SIGN_IDENTITY = "iPhone Developer";
				COPY_PHASE_STRIP = NO;
				DEBUG_INFORMATION_FORMAT = "dwarf-with-dsym";
				ENABLE_NS_ASSERTIONS = NO;
				ENABLE_STRICT_OBJC_MSGSEND = YES;
				GCC_C_LANGUAGE_STANDARD = gnu11;
				GCC_NO_COMMON_BLOCKS = YES;
				GCC_WARN_64_TO_32_BIT_CONVERSION = YES;
				GCC_WARN_ABOUT_RETURN_TYPE = YES_ERROR;
				GCC_WARN_UNDECLARED_SELECTOR = YES;
				GCC_WARN_UNINITIALIZED_AUTOS = YES_AGGRESSIVE;
				GCC_WARN_UNUSED_FUNCTION = YES;
				GCC_WARN_UNUSED_VARIABLE = YES;
				IPHONEOS_DEPLOYMENT_TARGET = 11.2;
				MTL_ENABLE_DEBUG_INFO = NO;
				SDKROOT = iphoneos;
				SWIFT_OPTIMIZATION_LEVEL = "-Owholemodule";
				VALIDATE_PRODUCT = YES;
			};
			name = Release;
		};
		FAD32C20207F5EC90010A8BE /* Debug */ = {
			isa = XCBuildConfiguration;
			baseConfigurationReference = 34DA3E9D50C04FD73F5173A1 /* Pods-MFLToxicMessages.debug.xcconfig */;
			buildSettings = {
				ASSETCATALOG_COMPILER_APPICON_NAME = AppIcon;
				CODE_SIGN_STYLE = Automatic;
				DEVELOPMENT_TEAM = 2QK79RG5BZ;
				INFOPLIST_FILE = MFLToxicMessages/Info.plist;
				IPHONEOS_DEPLOYMENT_TARGET = 10.0;
				LD_RUNPATH_SEARCH_PATHS = "$(inherited) @executable_path/Frameworks";
				PRODUCT_BUNDLE_IDENTIFIER = com.mindsforlife.MFLToxicMessages;
				PRODUCT_NAME = "$(TARGET_NAME)";
				SWIFT_VERSION = 3.0;
				TARGETED_DEVICE_FAMILY = "1,2";
			};
			name = Debug;
		};
		FAD32C21207F5EC90010A8BE /* Release */ = {
			isa = XCBuildConfiguration;
			baseConfigurationReference = C3EC71E746AAEDC5FCDDCC3A /* Pods-MFLToxicMessages.release.xcconfig */;
			buildSettings = {
				ASSETCATALOG_COMPILER_APPICON_NAME = AppIcon;
				CODE_SIGN_STYLE = Automatic;
				DEVELOPMENT_TEAM = 2QK79RG5BZ;
				INFOPLIST_FILE = MFLToxicMessages/Info.plist;
				IPHONEOS_DEPLOYMENT_TARGET = 10.0;
				LD_RUNPATH_SEARCH_PATHS = "$(inherited) @executable_path/Frameworks";
				PRODUCT_BUNDLE_IDENTIFIER = com.mindsforlife.MFLToxicMessages;
				PRODUCT_NAME = "$(TARGET_NAME)";
				SWIFT_VERSION = 3.0;
				TARGETED_DEVICE_FAMILY = "1,2";
			};
			name = Release;
		};
		FAD32C23207F5EC90010A8BE /* Debug */ = {
			isa = XCBuildConfiguration;
			baseConfigurationReference = 1669808EE794DF474AD096CC /* Pods-MFLToxicMessagesTests.debug.xcconfig */;
			buildSettings = {
				ALWAYS_EMBED_SWIFT_STANDARD_LIBRARIES = YES;
				BUNDLE_LOADER = "$(TEST_HOST)";
				CODE_SIGN_STYLE = Automatic;
				DEVELOPMENT_TEAM = 2QK79RG5BZ;
				INFOPLIST_FILE = MFLToxicMessagesTests/Info.plist;
				LD_RUNPATH_SEARCH_PATHS = "$(inherited) @executable_path/Frameworks @loader_path/Frameworks";
				PRODUCT_BUNDLE_IDENTIFIER = com.mindsforlife.MFLToxicMessagesTests;
				PRODUCT_NAME = "$(TARGET_NAME)";
				SWIFT_VERSION = 4.0;
				TARGETED_DEVICE_FAMILY = "1,2";
				TEST_HOST = "$(BUILT_PRODUCTS_DIR)/MFLToxicMessages.app/MFLToxicMessages";
			};
			name = Debug;
		};
		FAD32C24207F5EC90010A8BE /* Release */ = {
			isa = XCBuildConfiguration;
			baseConfigurationReference = 937B5FBF8B96A61B40BBF976 /* Pods-MFLToxicMessagesTests.release.xcconfig */;
			buildSettings = {
				ALWAYS_EMBED_SWIFT_STANDARD_LIBRARIES = YES;
				BUNDLE_LOADER = "$(TEST_HOST)";
				CODE_SIGN_STYLE = Automatic;
				DEVELOPMENT_TEAM = 2QK79RG5BZ;
				INFOPLIST_FILE = MFLToxicMessagesTests/Info.plist;
				LD_RUNPATH_SEARCH_PATHS = "$(inherited) @executable_path/Frameworks @loader_path/Frameworks";
				PRODUCT_BUNDLE_IDENTIFIER = com.mindsforlife.MFLToxicMessagesTests;
				PRODUCT_NAME = "$(TARGET_NAME)";
				SWIFT_VERSION = 4.0;
				TARGETED_DEVICE_FAMILY = "1,2";
				TEST_HOST = "$(BUILT_PRODUCTS_DIR)/MFLToxicMessages.app/MFLToxicMessages";
			};
			name = Release;
		};
/* End XCBuildConfiguration section */

/* Begin XCConfigurationList section */
		FAD32BFD207F5EC90010A8BE /* Build configuration list for PBXProject "MFLToxicMessages" */ = {
			isa = XCConfigurationList;
			buildConfigurations = (
				FAD32C1D207F5EC90010A8BE /* Debug */,
				FAD32C1E207F5EC90010A8BE /* Release */,
			);
			defaultConfigurationIsVisible = 0;
			defaultConfigurationName = Release;
		};
		FAD32C1F207F5EC90010A8BE /* Build configuration list for PBXNativeTarget "MFLToxicMessages" */ = {
			isa = XCConfigurationList;
			buildConfigurations = (
				FAD32C20207F5EC90010A8BE /* Debug */,
				FAD32C21207F5EC90010A8BE /* Release */,
			);
			defaultConfigurationIsVisible = 0;
			defaultConfigurationName = Release;
		};
		FAD32C22207F5EC90010A8BE /* Build configuration list for PBXNativeTarget "MFLToxicMessagesTests" */ = {
			isa = XCConfigurationList;
			buildConfigurations = (
				FAD32C23207F5EC90010A8BE /* Debug */,
				FAD32C24207F5EC90010A8BE /* Release */,
			);
			defaultConfigurationIsVisible = 0;
			defaultConfigurationName = Release;
		};
/* End XCConfigurationList section */
	};
	rootObject = FAD32BFA207F5EC90010A8BE /* Project object */;
}
